
Microsoft Visual Studio Solution File, Format Version 12.00
# Visual Studio Version 16
VisualStudioVersion = 16.0.29920.165
MinimumVisualStudioVersion = 10.0.40219.1
Project("{FAE04EC0-301F-11D3-BF4B-00C04F79EFBC}") = "Perceptron_4_Entradas", "Perceptron_4_Entradas\Perceptron_4_Entradas.csproj", "{A0FAA0D4-FCB1-4FF4-A123-62B0BBA09658}"
EndProject
Global
	GlobalSection(SolutionConfigurationPlatforms) = preSolution
		Debug|Any CPU = Debug|Any CPU
		Release|Any CPU = Release|Any CPU
	EndGlobalSection
	GlobalSection(ProjectConfigurationPlatforms) = postSolution
		{A0FAA0D4-FCB1-4FF4-A123-62B0BBA09658}.Debug|Any CPU.ActiveCfg = Debug|Any CPU
		{A0FAA0D4-FCB1-4FF4-A123-62B0BBA09658}.Debug|Any CPU.Build.0 = Debug|Any CPU
		{A0FAA0D4-FCB1-4FF4-A123-62B0BBA09658}.Release|Any CPU.ActiveCfg = Release|Any CPU
		{A0FAA0D4-FCB1-4FF4-A123-62B0BBA09658}.Release|Any CPU.Build.0 = Release|Any CPU
	EndGlobalSection
	GlobalSection(SolutionProperties) = preSolution
		HideSolutionNode = FALSE
	EndGlobalSection
	GlobalSection(ExtensibilityGlobals) = postSolution
		SolutionGuid = {5B5985A3-759E-4EB4-BADB-6A22ABD71361}
	EndGlobalSection
EndGlobal
